hash: 424fe3c813937cb6b84753d4cc87787d9ecfc7fcf3cc9f16852e85aa5bde7c38
updated: 2017-09-26T15:23:11.815613299Z
imports:
- name: github.com/inconshreveable/mousetrap
  version: 76626ae9c91c4f2a10f34cad8ce83ea42c93bb75
- name: github.com/pkg/errors
  version: 2b3a18b5f0fb6b4f9190549597d3f962c02bc5eb
- name: github.com/robfig/cron
  version: 736158dc09e10f1911ca3a1e1b01f11b566ce5db
- name: github.com/spf13/cobra
  version: 7b1b6e8dc027253d45fc029bc269d1c019f83a34
- name: github.com/spf13/pflag
  version: f1d95a35e132e8a1868023a08932b14f0b8b8fcb
- name: gopkg.in/olivere/elastic.v5
  version: 575dcf5070608328cb017251b40a8f06c5fa99b7
  subpackages:
  - config
  - uritemplates
testImports: []
